// !$*UTF8*$!
{
	archiveVersion = 1;
	classes = {
	};
	objectVersion = 50;
	objects = {

/* Begin PBXBuildFile section */
		420CF7C7237C5258007A2240 /* ButtonClass.swift in Sources */ = {isa = PBXBuildFile; fileRef = 420CF7C6237C5258007A2240 /* ButtonClass.swift */; };
		42D746AC236885F400C15246 /* AppDelegate.swift in Sources */ = {isa = PBXBuildFile; fileRef = 42D746AB236885F400C15246 /* AppDelegate.swift */; };
		42D746AE236885F400C15246 /* SceneDelegate.swift in Sources */ = {isa = PBXBuildFile; fileRef = 42D746AD236885F400C15246 /* SceneDelegate.swift */; };
		42D746B0236885F400C15246 /* ViewController.swift in Sources */ = {isa = PBXBuildFile; fileRef = 42D746AF236885F400C15246 /* ViewController.swift */; };
		42D746B3236885F400C15246 /* Main.storyboard in Resources */ = {isa = PBXBuildFile; fileRef = 42D746B1236885F400C15246 /* Main.storyboard */; };
		42D746B5236885F600C15246 /* Assets.xcassets in Resources */ = {isa = PBXBuildFile; fileRef = 42D746B4236885F600C15246 /* Assets.xcassets */; };
		42D746B8236885F600C15246 /* LaunchScreen.storyboard in Resources */ = {isa = PBXBuildFile; fileRef = 42D746B6236885F600C15246 /* LaunchScreen.storyboard */; };
		42D746C423689F5700C15246 /* logo zup.jpeg in Resources */ = {isa = PBXBuildFile; fileRef = 42D746C323689F5600C15246 /* logo zup.jpeg */; };
/* End PBXBuildFile section */

/* Begin PBXFileReference section */
		420CF7C6237C5258007A2240 /* ButtonClass.swift */ = {isa = PBXFileReference; lastKnownFileType = sourcecode.swift; path = ButtonClass.swift; sourceTree = "<group>"; };
		42D746A8236885F400C15246 /* DesafioFibonacciFatorialPGG.app */ = {isa = PBXFileReference; explicitFileType = wrapper.application; includeInIndex = 0; path = DesafioFibonacciFatorialPGG.app; sourceTree = BUILT_PRODUCTS_DIR; };
		42D746AB236885F400C15246 /* AppDelegate.swift */ = {isa = PBXFileReference; lastKnownFileType = sourcecode.swift; path = AppDelegate.swift; sourceTree = "<group>"; };
		42D746AD236885F400C15246 /* SceneDelegate.swift */ = {isa = PBXFileReference; lastKnownFileType = sourcecode.swift; path = SceneDelegate.swift; sourceTree = "<group>"; };
		42D746AF236885F400C15246 /* ViewController.swift */ = {isa = PBXFileReference; lastKnownFileType = sourcecode.swift; path = ViewController.swift; sourceTree = "<group>"; };
		42D746B2236885F400C15246 /* Base */ = {isa = PBXFileReference; lastKnownFileType = file.storyboard; name = Base; path = Base.lproj/Main.storyboard; sourceTree = "<group>"; };
		42D746B4236885F600C15246 /* Assets.xcassets */ = {isa = PBXFileReference; lastKnownFileType = folder.assetcatalog; path = Assets.xcassets; sourceTree = "<group>"; };
		42D746B7236885F600C15246 /* Base */ = {isa = PBXFileReference; lastKnownFileType = file.storyboard; name = Base; path = Base.lproj/LaunchScreen.storyboard; sourceTree = "<group>"; };
		42D746B9236885F600C15246 /* Info.plist */ = {isa = PBXFileReference; lastKnownFileType = text.plist.xml; path = Info.plist; sourceTree = "<group>"; };
		42D746BF2368861500C15246 /* MyPlayground.playground */ = {isa = PBXFileReference; lastKnownFileType = file.playground; path = MyPlayground.playground; sourceTree = "<group>"; xcLanguageSpecificationIdentifier = xcode.lang.swift; };
		42D746C323689F5600C15246 /* logo zup.jpeg */ = {isa = PBXFileReference; lastKnownFileType = image.jpeg; path = "logo zup.jpeg"; sourceTree = "<group>"; };
/* End PBXFileReference section */

/* Begin PBXFrameworksBuildPhase section */
		42D746A5236885F400C15246 /* Frameworks */ = {
			isa = PBXFrameworksBuildPhase;
			buildActionMask = 2147483647;
			files = (
			);
			runOnlyForDeploymentPostprocessing = 0;
		};
/* End PBXFrameworksBuildPhase section */

/* Begin PBXGroup section */
		42D7469F236885F400C15246 = {
			isa = PBXGroup;
			children = (
				42D746AA236885F400C15246 /* DesafioFibonacciFatorialPGG */,
				42D746A9236885F400C15246 /* Products */,
			);
			sourceTree = "<group>";
		};
		42D746A9236885F400C15246 /* Products */ = {
			isa = PBXGroup;
			children = (
				42D746A8236885F400C15246 /* DesafioFibonacciFatorialPGG.app */,
			);
			name = Products;
			sourceTree = "<group>";
		};
		42D746AA236885F400C15246 /* DesafioFibonacciFatorialPGG */ = {
			isa = PBXGroup;
			children = (
				42D746C623689F7300C15246 /* Controllers */,
				42D746C523689F6100C15246 /* Views */,
				42D746AB236885F400C15246 /* AppDelegate.swift */,
				420CF7C6237C5258007A2240 /* ButtonClass.swift */,
				42D746AD236885F400C15246 /* SceneDelegate.swift */,
				42D746B4236885F600C15246 /* Assets.xcassets */,
				42D746C323689F5600C15246 /* logo zup.jpeg */,
				42D746B6236885F600C15246 /* LaunchScreen.storyboard */,
				42D746B9236885F600C15246 /* Info.plist */,
				42D746BF2368861500C15246 /* MyPlayground.playground */,
			);
			path = DesafioFibonacciFatorialPGG;
			sourceTree = "<group>";
		};
		42D746C523689F6100C15246 /* Views */ = {
			isa = PBXGroup;
			children = (
				42D746B1236885F400C15246 /* Main.storyboard */,
			);
			path = Views;
			sourceTree = "<group>";
		};
		42D746C623689F7300C15246 /* Controllers */ = {
			isa = PBXGroup;
			children = (
				42D746AF236885F400C15246 /* ViewController.swift */,
			);
			path = Controllers;
			sourceTree = "<group>";
		};
/* End PBXGroup section */

/* Begin PBXNativeTarget section */
		42D746A7236885F400C15246 /* DesafioFibonacciFatorialPGG */ = {
			isa = PBXNativeTarget;
			buildConfigurationList = 42D746BC236885F600C15246 /* Build configuration list for PBXNativeTarget "DesafioFibonacciFatorialPGG" */;
			buildPhases = (
				42D746A4236885F400C15246 /* Sources */,
				42D746A5236885F400C15246 /* Frameworks */,
				42D746A6236885F400C15246 /* Resources */,
			);
			buildRules = (
			);
			dependencies = (
			);
			name = DesafioFibonacciFatorialPGG;
			productName = DesafioFibonacciFatorialPGG;
			productReference = 42D746A8236885F400C15246 /* DesafioFibonacciFatorialPGG.app */;
			productType = "com.apple.product-type.application";
		};
/* End PBXNativeTarget section */

/* Begin PBXProject section */
		42D746A0236885F400C15246 /* Project object */ = {
			isa = PBXProject;
			attributes = {
				LastSwiftUpdateCheck = 1110;
				LastUpgradeCheck = 1110;
				ORGANIZATIONNAME = Luizhcarminati;
				TargetAttributes = {
					42D746A7236885F400C15246 = {
						CreatedOnToolsVersion = 11.1;
					};
				};
			};
			buildConfigurationList = 42D746A3236885F400C15246 /* Build configuration list for PBXProject "DesafioFibonacciFatorialPGG" */;
			compatibilityVersion = "Xcode 9.3";
			developmentRegion = en;
			hasScannedForEncodings = 0;
			knownRegions = (
				en,
				Base,
			);
			mainGroup = 42D7469F236885F400C15246;
			productRefGroup = 42D746A9236885F400C15246 /* Products */;
			projectDirPath = "";
			projectRoot = "";
			targets = (
				42D746A7236885F400C15246 /* DesafioFibonacciFatorialPGG */,
			);
		};
/* End PBXProject section */

/* Begin PBXResourcesBuildPhase section */
		42D746A6236885F400C15246 /* Resources */ = {
			isa = PBXResourcesBuildPhase;
			buildActionMask = 2147483647;
			files = (
				42D746B8236885F600C15246 /* LaunchScreen.storyboard in Resources */,
				42D746C423689F5700C15246 /* logo zup.jpeg in Resources */,
				42D746B5236885F600C15246 /* Assets.xcassets in Resources */,
				42D746B3236885F400C15246 /* Main.storyboard in Resources */,
			);
			runOnlyForDeploymentPostprocessing = 0;
		};
/* End PBXResourcesBuildPhase section */

/* Begin PBXSourcesBuildPhase section */
		42D746A4236885F400C15246 /* Sources */ = {
			isa = PBXSourcesBuildPhase;
			buildActionMask = 2147483647;
			files = (
				42D746B0236885F400C15246 /* ViewController.swift in Sources */,
				42D746AC236885F400C15246 /* AppDelegate.swift in Sources */,
				420CF7C7237C5258007A2240 /* ButtonClass.swift in Sources */,
				42D746AE236885F400C15246 /* SceneDelegate.swift in Sources */,
			);
			runOnlyForDeploymentPostprocessing = 0;
		};
/* End PBXSourcesBuildPhase section */

/* Begin PBXVariantGroup section */
		42D746B1236885F400C15246 /* Main.storyboard */ = {
			isa = PBXVariantGroup;
			children = (
				42D746B2236885F400C15246 /* Base */,
			);
			name = Main.storyboard;
			sourceTree = "<group>";
		};
		42D746B6236885F600C15246 /* LaunchScreen.storyboard */ = {
			isa = PBXVariantGroup;
			children = (
				42D746B7236885F600C15246 /* Base */,
			);
			name = LaunchScreen.storyboard;
			sourceTree = "<group>";
		};
/* End PBXVariantGroup section */

/* Begin XCBuildConfiguration section */
		42D746BA236885F600C15246 /* Debug */ = {
			isa = XCBuildConfiguration;
			buildSettings = {
				ALWAYS_SEARCH_USER_PATHS = NO;
				CLANG_ANALYZER_NONNULL = YES;
				CLANG_ANALYZER_NUMBER_OBJECT_CONVERSION = YES_AGGRESSIVE;
				CLANG_CXX_LANGUAGE_STANDARD = "gnu++14";
				CLANG_CXX_LIBRARY = "libc++";
				CLANG_ENABLE_MODULES = YES;
				CLANG_ENABLE_OBJC_ARC = YES;
				CLANG_ENABLE_OBJC_WEAK = YES;
				CLANG_WARN_BLOCK_CAPTURE_AUTORELEASING = YES;
				CLANG_WARN_BOOL_CONVERSION = YES;
				CLANG_WARN_COMMA = YES;
				CLANG_WARN_CONSTANT_CONVERSION = YES;
				CLANG_WARN_DEPRECATED_OBJC_IMPLEMENTATIONS = YES;
				CLANG_WARN_DIRECT_OBJC_ISA_USAGE = YES_ERROR;
				CLANG_WARN_DOCUMENTATION_COMMENTS = YES;
				CLANG_WARN_EMPTY_BODY = YES;
				CLANG_WARN_ENUM_CONVERSION = YES;
				CLANG_WARN_INFINITE_RECURSION = YES;
				CLANG_WARN_INT_CONVERSION = YES;
				CLANG_WARN_NON_LITERAL_NULL_CONVERSION = YES;
				CLANG_WARN_OBJC_IMPLICIT_RETAIN_SELF = YES;
				CLANG_WARN_OBJC_LITERAL_CONVERSION = YES;
				CLANG_WARN_OBJC_ROOT_CLASS = YES_ERROR;
				CLANG_WARN_RANGE_LOOP_ANALYSIS = YES;
				CLANG_WARN_STRICT_PROTOTYPES = YES;
				CLANG_WARN_SUSPICIOUS_MOVE = YES;
				CLANG_WARN_UNGUARDED_AVAILABILITY = YES_AGGRESSIVE;
				CLANG_WARN_UNREACHABLE_CODE = YES;
				CLANG_WARN__DUPLICATE_METHOD_MATCH = YES;
				COPY_PHASE_STRIP = NO;
				DEBUG_INFORMATION_FORMAT = dwarf;
				ENABLE_STRICT_OBJC_MSGSEND = YES;
				ENABLE_TESTABILITY = YES;
				GCC_C_LANGUAGE_STANDARD = gnu11;
				GCC_DYNAMIC_NO_PIC = NO;
				GCC_NO_COMMON_BLOCKS = YES;
				GCC_OPTIMIZATION_LEVEL = 0;
				GCC_PREPROCESSOR_DEFINITIONS = (
					"DEBUG=1",
					"$(inherited)",
				);
				GCC_WARN_64_TO_32_BIT_CONVERSION = YES;
				GCC_WARN_ABOUT_RETURN_TYPE = YES_ERROR;
				GCC_WARN_UNDECLARED_SELECTOR = YES;
				GCC_WARN_UNINITIALIZED_AUTOS = YES_AGGRESSIVE;
				GCC_WARN_UNUSED_FUNCTION = YES;
				GCC_WARN_UNUSED_VARIABLE = YES;
				IPHONEOS_DEPLOYMENT_TARGET = 13.1;
				MTL_ENABLE_DEBUG_INFO = INCLUDE_SOURCE;
				MTL_FAST_MATH = YES;
				ONLY_ACTIVE_ARCH = YES;
				SDKROOT = iphoneos;
				SWIFT_ACTIVE_COMPILATION_CONDITIONS = DEBUG;
				SWIFT_OPTIMIZATION_LEVEL = "-Onone";
			};
			name = Debug;
		};
		42D746BB236885F600C15246 /* Release */ = {
			isa = XCBuildConfiguration;
			buildSettings = {
				ALWAYS_SEARCH_USER_PATHS = NO;
				CLANG_ANALYZER_NONNULL = YES;
				CLANG_ANALYZER_NUMBER_OBJECT_CONVERSION = YES_AGGRESSIVE;
				CLANG_CXX_LANGUAGE_STANDARD = "gnu++14";
				CLANG_CXX_LIBRARY = "libc++";
				CLANG_ENABLE_MODULES = YES;
				CLANG_ENABLE_OBJC_ARC = YES;
				CLANG_ENABLE_OBJC_WEAK = YES;
				CLANG_WARN_BLOCK_CAPTURE_AUTORELEASING = YES;
				CLANG_WARN_BOOL_CONVERSION = YES;
				CLANG_WARN_COMMA = YES;
				CLANG_WARN_CONSTANT_CONVERSION = YES;
				CLANG_WARN_DEPRECATED_OBJC_IMPLEMENTATIONS = YES;
				CLANG_WARN_DIRECT_OBJC_ISA_USAGE = YES_ERROR;
				CLANG_WARN_DOCUMENTATION_COMMENTS = YES;
				CLANG_WARN_EMPTY_BODY = YES;
				CLANG_WARN_ENUM_CONVERSION = YES;
				CLANG_WARN_INFINITE_RECURSION = YES;
				CLANG_WARN_INT_CONVERSION = YES;
				CLANG_WARN_NON_LITERAL_NULL_CONVERSION = YES;
				CLANG_WARN_OBJC_IMPLICIT_RETAIN_SELF = YES;
				CLANG_WARN_OBJC_LITERAL_CONVERSION = YES;
				CLANG_WARN_OBJC_ROOT_CLASS = YES_ERROR;
				CLANG_WARN_RANGE_LOOP_ANALYSIS = YES;
				CLANG_WARN_STRICT_PROTOTYPES = YES;
				CLANG_WARN_SUSPICIOUS_MOVE = YES;
				CLANG_WARN_UNGUARDED_AVAILABILITY = YES_AGGRESSIVE;
				CLANG_WARN_UNREACHABLE_CODE = YES;
				CLANG_WARN__DUPLICATE_METHOD_MATCH = YES;
				COPY_PHASE_STRIP = NO;
				DEBUG_INFORMATION_FORMAT = "dwarf-with-dsym";
				ENABLE_NS_ASSERTIONS = NO;
				ENABLE_STRICT_OBJC_MSGSEND = YES;
				GCC_C_LANGUAGE_STANDARD = gnu11;
				GCC_NO_COMMON_BLOCKS = YES;
				GCC_WARN_64_TO_32_BIT_CONVERSION = YES;
				GCC_WARN_ABOUT_RETURN_TYPE = YES_ERROR;
				GCC_WARN_UNDECLARED_SELECTOR = YES;
				GCC_WARN_UNINITIALIZED_AUTOS = YES_AGGRESSIVE;
				GCC_WARN_UNUSED_FUNCTION = YES;
				GCC_WARN_UNUSED_VARIABLE = YES;
				IPHONEOS_DEPLOYMENT_TARGET = 13.1;
				MTL_ENABLE_DEBUG_INFO = NO;
				MTL_FAST_MATH = YES;
				SDKROOT = iphoneos;
				SWIFT_COMPILATION_MODE = wholemodule;
				SWIFT_OPTIMIZATION_LEVEL = "-O";
				VALIDATE_PRODUCT = YES;
			};
			name = Release;
		};
		42D746BD236885F600C15246 /* Debug */ = {
			isa = XCBuildConfiguration;
			buildSettings = {
				ASSETCATALOG_COMPILER_APPICON_NAME = AppIcon;
				CODE_SIGN_STYLE = Automatic;
				INFOPLIST_FILE = DesafioFibonacciFatorialPGG/Info.plist;
				LD_RUNPATH_SEARCH_PATHS = (
					"$(inherited)",
					"@executable_path/Frameworks",
				);
				PRODUCT_BUNDLE_IDENTIFIER = br.com.zup.DesafioFibonacciFatorialPGG;
				PRODUCT_NAME = "$(TARGET_NAME)";
				SWIFT_VERSION = 5.0;
				TARGETED_DEVICE_FAMILY = "1,2";
			};
			name = Debug;
		};
		42D746BE236885F600C15246 /* Release */ = {
			isa = XCBuildConfiguration;
			buildSettings = {
				ASSETCATALOG_COMPILER_APPICON_NAME = AppIcon;
				CODE_SIGN_STYLE = Automatic;
				INFOPLIST_FILE = DesafioFibonacciFatorialPGG/Info.plist;
				LD_RUNPATH_SEARCH_PATHS = (
					"$(inherited)",
					"@executable_path/Frameworks",
				);
				PRODUCT_BUNDLE_IDENTIFIER = br.com.zup.DesafioFibonacciFatorialPGG;
				PRODUCT_NAME = "$(TARGET_NAME)";
				SWIFT_VERSION = 5.0;
				TARGETED_DEVICE_FAMILY = "1,2";
			};
			name = Release;
		};
/* End XCBuildConfiguration section */

/* Begin XCConfigurationList section */
		42D746A3236885F400C15246 /* Build configuration list for PBXProject "DesafioFibonacciFatorialPGG" */ = {
			isa = XCConfigurationList;
			buildConfigurations = (
				42D746BA236885F600C15246 /* Debug */,
				42D746BB236885F600C15246 /* Release */,
			);
			defaultConfigurationIsVisible = 0;
			defaultConfigurationName = Release;
		};
		42D746BC236885F600C15246 /* Build configuration list for PBXNativeTarget "DesafioFibonacciFatorialPGG" */ = {
			isa = XCConfigurationList;
			buildConfigurations = (
				42D746BD236885F600C15246 /* Debug */,
				42D746BE236885F600C15246 /* Release */,
			);
			defaultConfigurationIsVisible = 0;
			defaultConfigurationName = Release;
		};
/* End XCConfigurationList section */
	};
	rootObject = 42D746A0236885F400C15246 /* Project object */;
}
